
Microsoft Visual Studio Solution File, Format Version 12.00
# Visual Studio Version 16
VisualStudioVersion = 16.0.32413.511
MinimumVisualStudioVersion = 10.0.40219.1
Project("{FAE04EC0-301F-11D3-BF4B-00C04F79EFBC}") = "DailyReport", "DailyReport\DailyReport.csproj", "{54FC1888-6074-4E79-97E5-D916826AA593}"
EndProject
Global
	GlobalSection(SolutionConfigurationPlatforms) = preSolution
		Debug|Any CPU = Debug|Any CPU
		Release|Any CPU = Release|Any CPU
	EndGlobalSection
	GlobalSection(ProjectConfigurationPlatforms) = postSolution
		{54FC1888-6074-4E79-97E5-D916826AA593}.Debug|Any CPU.ActiveCfg = Debug|Any CPU
		{54FC1888-6074-4E79-97E5-D916826AA593}.Debug|Any CPU.Build.0 = Debug|Any CPU
		{54FC1888-6074-4E79-97E5-D916826AA593}.Release|Any CPU.ActiveCfg = Release|Any CPU
		{54FC1888-6074-4E79-97E5-D916826AA593}.Release|Any CPU.Build.0 = Release|Any CPU
	EndGlobalSection
	GlobalSection(SolutionProperties) = preSolution
		HideSolutionNode = FALSE
	EndGlobalSection
	GlobalSection(ExtensibilityGlobals) = postSolution
		SolutionGuid = {0FA91306-0E59-4005-8885-D8F35BB31F6B}
	EndGlobalSection
EndGlobal
