
Microsoft Visual Studio Solution File, Format Version 12.00
# Visual Studio Version 16
VisualStudioVersion = 16.0.32413.511
MinimumVisualStudioVersion = 10.0.40219.1
Project("{FAE04EC0-301F-11D3-BF4B-00C04F79EFBC}") = "Welcome", "Welcome.csproj", "{70AA6855-38DA-497E-8DAD-6F0897954ADF}"
EndProject
Global
	GlobalSection(SolutionConfigurationPlatforms) = preSolution
		Debug|Any CPU = Debug|Any CPU
		Release|Any CPU = Release|Any CPU
	EndGlobalSection
	GlobalSection(ProjectConfigurationPlatforms) = postSolution
		{70AA6855-38DA-497E-8DAD-6F0897954ADF}.Debug|Any CPU.ActiveCfg = Debug|Any CPU
		{70AA6855-38DA-497E-8DAD-6F0897954ADF}.Debug|Any CPU.Build.0 = Debug|Any CPU
		{70AA6855-38DA-497E-8DAD-6F0897954ADF}.Release|Any CPU.ActiveCfg = Release|Any CPU
		{70AA6855-38DA-497E-8DAD-6F0897954ADF}.Release|Any CPU.Build.0 = Release|Any CPU
	EndGlobalSection
	GlobalSection(SolutionProperties) = preSolution
		HideSolutionNode = FALSE
	EndGlobalSection
	GlobalSection(ExtensibilityGlobals) = postSolution
		SolutionGuid = {E39F1B03-88BE-44DB-A2E5-CBBA3223FC44}
	EndGlobalSection
EndGlobal
