
Microsoft Visual Studio Solution File, Format Version 12.00
# Visual Studio Version 16
VisualStudioVersion = 16.0.32413.511
MinimumVisualStudioVersion = 10.0.40219.1
Project("{FAE04EC0-301F-11D3-BF4B-00C04F79EFBC}") = "itterationAssignment", "itterationAssignment.csproj", "{E923D910-AD3A-449D-9434-F9B7E6BEE839}"
EndProject
Global
	GlobalSection(SolutionConfigurationPlatforms) = preSolution
		Debug|Any CPU = Debug|Any CPU
		Release|Any CPU = Release|Any CPU
	EndGlobalSection
	GlobalSection(ProjectConfigurationPlatforms) = postSolution
		{E923D910-AD3A-449D-9434-F9B7E6BEE839}.Debug|Any CPU.ActiveCfg = Debug|Any CPU
		{E923D910-AD3A-449D-9434-F9B7E6BEE839}.Debug|Any CPU.Build.0 = Debug|Any CPU
		{E923D910-AD3A-449D-9434-F9B7E6BEE839}.Release|Any CPU.ActiveCfg = Release|Any CPU
		{E923D910-AD3A-449D-9434-F9B7E6BEE839}.Release|Any CPU.Build.0 = Release|Any CPU
	EndGlobalSection
	GlobalSection(SolutionProperties) = preSolution
		HideSolutionNode = FALSE
	EndGlobalSection
	GlobalSection(ExtensibilityGlobals) = postSolution
		SolutionGuid = {F576F580-94AF-4BCB-B5EF-25C7789B9297}
	EndGlobalSection
EndGlobal
