
Microsoft Visual Studio Solution File, Format Version 12.00
# Visual Studio Version 16
VisualStudioVersion = 16.0.32413.511
MinimumVisualStudioVersion = 10.0.40219.1
Project("{FAE04EC0-301F-11D3-BF4B-00C04F79EFBC}") = "Math", "Math.csproj", "{B7ABB354-1596-401E-9DFD-D9EA31B06ADB}"
EndProject
Global
	GlobalSection(SolutionConfigurationPlatforms) = preSolution
		Debug|Any CPU = Debug|Any CPU
		Release|Any CPU = Release|Any CPU
	EndGlobalSection
	GlobalSection(ProjectConfigurationPlatforms) = postSolution
		{B7ABB354-1596-401E-9DFD-D9EA31B06ADB}.Debug|Any CPU.ActiveCfg = Debug|Any CPU
		{B7ABB354-1596-401E-9DFD-D9EA31B06ADB}.Debug|Any CPU.Build.0 = Debug|Any CPU
		{B7ABB354-1596-401E-9DFD-D9EA31B06ADB}.Release|Any CPU.ActiveCfg = Release|Any CPU
		{B7ABB354-1596-401E-9DFD-D9EA31B06ADB}.Release|Any CPU.Build.0 = Release|Any CPU
	EndGlobalSection
	GlobalSection(SolutionProperties) = preSolution
		HideSolutionNode = FALSE
	EndGlobalSection
	GlobalSection(ExtensibilityGlobals) = postSolution
		SolutionGuid = {5F2505A1-7604-49D3-BEFD-E3C641423F61}
	EndGlobalSection
EndGlobal
