
Microsoft Visual Studio Solution File, Format Version 12.00
# Visual Studio Version 16
VisualStudioVersion = 16.0.32413.511
MinimumVisualStudioVersion = 10.0.40219.1
Project("{FAE04EC0-301F-11D3-BF4B-00C04F79EFBC}") = "branchingAssignment", "branchingAssignment.csproj", "{9D3A65A5-3E29-4AC6-AECF-D4A0C17DD83E}"
EndProject
Global
	GlobalSection(SolutionConfigurationPlatforms) = preSolution
		Debug|Any CPU = Debug|Any CPU
		Release|Any CPU = Release|Any CPU
	EndGlobalSection
	GlobalSection(ProjectConfigurationPlatforms) = postSolution
		{9D3A65A5-3E29-4AC6-AECF-D4A0C17DD83E}.Debug|Any CPU.ActiveCfg = Debug|Any CPU
		{9D3A65A5-3E29-4AC6-AECF-D4A0C17DD83E}.Debug|Any CPU.Build.0 = Debug|Any CPU
		{9D3A65A5-3E29-4AC6-AECF-D4A0C17DD83E}.Release|Any CPU.ActiveCfg = Release|Any CPU
		{9D3A65A5-3E29-4AC6-AECF-D4A0C17DD83E}.Release|Any CPU.Build.0 = Release|Any CPU
	EndGlobalSection
	GlobalSection(SolutionProperties) = preSolution
		HideSolutionNode = FALSE
	EndGlobalSection
	GlobalSection(ExtensibilityGlobals) = postSolution
		SolutionGuid = {7B275A2A-95BE-4784-B902-AC3A9A1D9B1D}
	EndGlobalSection
EndGlobal
