
Microsoft Visual Studio Solution File, Format Version 12.00
# Visual Studio Version 16
VisualStudioVersion = 16.0.32510.428
MinimumVisualStudioVersion = 10.0.40219.1
Project("{FAE04EC0-301F-11D3-BF4B-00C04F79EFBC}") = "StudentEntity", "StudentEntity.csproj", "{363ACB84-FAB6-48E6-A8DC-C7B34DC70FA7}"
EndProject
Global
	GlobalSection(SolutionConfigurationPlatforms) = preSolution
		Debug|Any CPU = Debug|Any CPU
		Release|Any CPU = Release|Any CPU
	EndGlobalSection
	GlobalSection(ProjectConfigurationPlatforms) = postSolution
		{363ACB84-FAB6-48E6-A8DC-C7B34DC70FA7}.Debug|Any CPU.ActiveCfg = Debug|Any CPU
		{363ACB84-FAB6-48E6-A8DC-C7B34DC70FA7}.Debug|Any CPU.Build.0 = Debug|Any CPU
		{363ACB84-FAB6-48E6-A8DC-C7B34DC70FA7}.Release|Any CPU.ActiveCfg = Release|Any CPU
		{363ACB84-FAB6-48E6-A8DC-C7B34DC70FA7}.Release|Any CPU.Build.0 = Release|Any CPU
	EndGlobalSection
	GlobalSection(SolutionProperties) = preSolution
		HideSolutionNode = FALSE
	EndGlobalSection
	GlobalSection(ExtensibilityGlobals) = postSolution
		SolutionGuid = {9DDE422A-A502-4262-B68D-29248568F0CA}
	EndGlobalSection
EndGlobal
