
Microsoft Visual Studio Solution File, Format Version 12.00
# Visual Studio Version 16
VisualStudioVersion = 16.0.32413.511
MinimumVisualStudioVersion = 10.0.40219.1
Project("{FAE04EC0-301F-11D3-BF4B-00C04F79EFBC}") = "VariablesAndDatatypes", "VariablesAndDatatypes.csproj", "{EA5426BD-80E3-4063-8C7F-059A4987F910}"
EndProject
Global
	GlobalSection(SolutionConfigurationPlatforms) = preSolution
		Debug|Any CPU = Debug|Any CPU
		Release|Any CPU = Release|Any CPU
	EndGlobalSection
	GlobalSection(ProjectConfigurationPlatforms) = postSolution
		{EA5426BD-80E3-4063-8C7F-059A4987F910}.Debug|Any CPU.ActiveCfg = Debug|Any CPU
		{EA5426BD-80E3-4063-8C7F-059A4987F910}.Debug|Any CPU.Build.0 = Debug|Any CPU
		{EA5426BD-80E3-4063-8C7F-059A4987F910}.Release|Any CPU.ActiveCfg = Release|Any CPU
		{EA5426BD-80E3-4063-8C7F-059A4987F910}.Release|Any CPU.Build.0 = Release|Any CPU
	EndGlobalSection
	GlobalSection(SolutionProperties) = preSolution
		HideSolutionNode = FALSE
	EndGlobalSection
	GlobalSection(ExtensibilityGlobals) = postSolution
		SolutionGuid = {FC9F1CD2-DE53-4879-A23F-FE166DCE34B2}
	EndGlobalSection
EndGlobal
