
Microsoft Visual Studio Solution File, Format Version 12.00
# Visual Studio Version 16
VisualStudioVersion = 16.0.32413.511
MinimumVisualStudioVersion = 10.0.40219.1
Project("{FAE04EC0-301F-11D3-BF4B-00C04F79EFBC}") = "arrayAssignment", "arrayAssignment.csproj", "{54E348DB-3DB9-4AE0-936A-B9F4961E7C06}"
EndProject
Global
	GlobalSection(SolutionConfigurationPlatforms) = preSolution
		Debug|Any CPU = Debug|Any CPU
		Release|Any CPU = Release|Any CPU
	EndGlobalSection
	GlobalSection(ProjectConfigurationPlatforms) = postSolution
		{54E348DB-3DB9-4AE0-936A-B9F4961E7C06}.Debug|Any CPU.ActiveCfg = Debug|Any CPU
		{54E348DB-3DB9-4AE0-936A-B9F4961E7C06}.Debug|Any CPU.Build.0 = Debug|Any CPU
		{54E348DB-3DB9-4AE0-936A-B9F4961E7C06}.Release|Any CPU.ActiveCfg = Release|Any CPU
		{54E348DB-3DB9-4AE0-936A-B9F4961E7C06}.Release|Any CPU.Build.0 = Release|Any CPU
	EndGlobalSection
	GlobalSection(SolutionProperties) = preSolution
		HideSolutionNode = FALSE
	EndGlobalSection
	GlobalSection(ExtensibilityGlobals) = postSolution
		SolutionGuid = {F40137E1-6324-4A25-AAB5-32E6F834F194}
	EndGlobalSection
EndGlobal
