
Microsoft Visual Studio Solution File, Format Version 12.00
# Visual Studio Version 16
VisualStudioVersion = 16.0.32510.428
MinimumVisualStudioVersion = 10.0.40219.1
Project("{FAE04EC0-301F-11D3-BF4B-00C04F79EFBC}") = "WebApplication2", "WebApplication2.csproj", "{A6698ABB-83D8-4A38-976A-A0D2B945F3F1}"
EndProject
Global
	GlobalSection(SolutionConfigurationPlatforms) = preSolution
		Debug|Any CPU = Debug|Any CPU
		Release|Any CPU = Release|Any CPU
	EndGlobalSection
	GlobalSection(ProjectConfigurationPlatforms) = postSolution
		{A6698ABB-83D8-4A38-976A-A0D2B945F3F1}.Debug|Any CPU.ActiveCfg = Debug|Any CPU
		{A6698ABB-83D8-4A38-976A-A0D2B945F3F1}.Debug|Any CPU.Build.0 = Debug|Any CPU
		{A6698ABB-83D8-4A38-976A-A0D2B945F3F1}.Release|Any CPU.ActiveCfg = Release|Any CPU
		{A6698ABB-83D8-4A38-976A-A0D2B945F3F1}.Release|Any CPU.Build.0 = Release|Any CPU
	EndGlobalSection
	GlobalSection(SolutionProperties) = preSolution
		HideSolutionNode = FALSE
	EndGlobalSection
	GlobalSection(ExtensibilityGlobals) = postSolution
		SolutionGuid = {184B87D8-2A0A-4219-A38B-E5659A2FF6A2}
	EndGlobalSection
EndGlobal
