
Microsoft Visual Studio Solution File, Format Version 12.00
# Visual Studio Version 16
VisualStudioVersion = 16.0.32413.511
MinimumVisualStudioVersion = 10.0.40219.1
Project("{FAE04EC0-301F-11D3-BF4B-00C04F79EFBC}") = "stringsExample", "stringsExample.csproj", "{27481F79-1E16-48F0-AA33-68AA3DC5281C}"
EndProject
Global
	GlobalSection(SolutionConfigurationPlatforms) = preSolution
		Debug|Any CPU = Debug|Any CPU
		Release|Any CPU = Release|Any CPU
	EndGlobalSection
	GlobalSection(ProjectConfigurationPlatforms) = postSolution
		{27481F79-1E16-48F0-AA33-68AA3DC5281C}.Debug|Any CPU.ActiveCfg = Debug|Any CPU
		{27481F79-1E16-48F0-AA33-68AA3DC5281C}.Debug|Any CPU.Build.0 = Debug|Any CPU
		{27481F79-1E16-48F0-AA33-68AA3DC5281C}.Release|Any CPU.ActiveCfg = Release|Any CPU
		{27481F79-1E16-48F0-AA33-68AA3DC5281C}.Release|Any CPU.Build.0 = Release|Any CPU
	EndGlobalSection
	GlobalSection(SolutionProperties) = preSolution
		HideSolutionNode = FALSE
	EndGlobalSection
	GlobalSection(ExtensibilityGlobals) = postSolution
		SolutionGuid = {B0CAB2C3-8C1B-470F-A747-455B984EBFDD}
	EndGlobalSection
EndGlobal
